{
    "_readme": [
        "This file locks the dependencies of your project to a known state",
        "Read more about it at https://getcomposer.org/doc/01-basic-usage.md#installing-dependencies",
        "This file is @generated automatically"
    ],
    "content-hash": "8d303284b0d19b1b9e1b1cfde840b192",
    "packages": [
        {
            "name": "miladm/orm",
            "version": "3.8.8",
            "source": {
                "type": "git",
                "url": "https://github.com/MiladMohebnia/PHP_ORM.git",
                "reference": "6ab26e035f807996880549bb28b1bd31cf70f1b4"
            },
            "dist": {
                "type": "zip",
                "url": "https://api.github.com/repos/MiladMohebnia/PHP_ORM/zipball/6ab26e035f807996880549bb28b1bd31cf70f1b4",
                "reference": "6ab26e035f807996880549bb28b1bd31cf70f1b4",
                "shasum": ""
            },
            "type": "library",
            "autoload": {
                "psr-4": {
                    "miladm\\": "src/"
                }
            },
            "notification-url": "https://packagist.org/downloads/",
            "license": [
                "Apache-2.0"
            ],
            "authors": [
                {
                    "name": "MiladM",
                    "email": "miladmohebnia@gmail.com"
                }
            ],
            "description": "basic orm for php",
            "support": {
                "issues": "https://github.com/MiladMohebnia/PHP_ORM/issues",
                "source": "https://github.com/MiladMohebnia/PHP_ORM/tree/v3.8.8"
            },
            "time": "2020-10-13T15:54:12+00:00"
        }
    ],
    "packages-dev": [],
    "aliases": [],
    "minimum-stability": "stable",
    "stability-flags": [],
    "prefer-stable": false,
    "prefer-lowest": false,
    "platform": [],
    "platform-dev": [],
    "plugin-api-version": "2.0.0"
}
