{
    "_readme": [
        "This file locks the dependencies of your project to a known state",
        "Read more about it at https://getcomposer.org/doc/01-basic-usage.md#installing-dependencies",
        "This file is @generated automatically"
    ],
    "content-hash": "5908e5190f6e2eb7f5163cbcef6e2df0",
    "packages": [
        {
            "name": "miladm/data-object",
            "version": "dev-master",
            "source": {
                "type": "git",
                "url": "https://github.com/MiladMohebnia/PHP_dataObject.git",
                "reference": "d1080859ac646305183f0c1f17acbc3928bf279a"
            },
            "dist": {
                "type": "zip",
                "url": "https://api.github.com/repos/MiladMohebnia/PHP_dataObject/zipball/d1080859ac646305183f0c1f17acbc3928bf279a",
                "reference": "d1080859ac646305183f0c1f17acbc3928bf279a",
                "shasum": ""
            },
            "default-branch": true,
            "type": "library",
            "autoload": {
                "psr-4": {
                    "miladm\\": "src/"
                }
            },
            "notification-url": "https://packagist.org/downloads/",
            "license": [
                "Apache-2.0"
            ],
            "authors": [
                {
                    "name": "MiladM",
                    "email": "miladmohebnia@gmail.com"
                }
            ],
            "description": "simply control your data with data object method",
            "support": {
                "issues": "https://github.com/MiladMohebnia/PHP_dataObject/issues",
                "source": "https://github.com/MiladMohebnia/PHP_dataObject/tree/master"
            },
            "time": "2020-11-16T22:16:03+00:00"
        },
        {
            "name": "miladm/orm",
            "version": "3.9.9",
            "source": {
                "type": "git",
                "url": "https://github.com/MiladMohebnia/PHP_ORM.git",
                "reference": "4f699e6178198c3883ad24bec6159cb71c13f303"
            },
            "dist": {
                "type": "zip",
                "url": "https://api.github.com/repos/MiladMohebnia/PHP_ORM/zipball/4f699e6178198c3883ad24bec6159cb71c13f303",
                "reference": "4f699e6178198c3883ad24bec6159cb71c13f303",
                "shasum": ""
            },
            "type": "library",
            "autoload": {
                "psr-4": {
                    "miladm\\": "src/"
                }
            },
            "notification-url": "https://packagist.org/downloads/",
            "license": [
                "Apache-2.0"
            ],
            "authors": [
                {
                    "name": "MiladM",
                    "email": "miladmohebnia@gmail.com"
                }
            ],
            "description": "basic orm for php",
            "support": {
                "issues": "https://github.com/MiladMohebnia/PHP_ORM/issues",
                "source": "https://github.com/MiladMohebnia/PHP_ORM/tree/v3.9.9"
            },
            "time": "2020-10-20T10:04:52+00:00"
        },
        {
            "name": "miladm/prototype_cli",
            "version": "1.0.0",
            "source": {
                "type": "git",
                "url": "https://github.com/MiladMohebnia/prototype_cli.git",
                "reference": "1c1a53c24a5e1da192029ca4e2898d4ad930c5dd"
            },
            "dist": {
                "type": "zip",
                "url": "https://api.github.com/repos/MiladMohebnia/prototype_cli/zipball/1c1a53c24a5e1da192029ca4e2898d4ad930c5dd",
                "reference": "1c1a53c24a5e1da192029ca4e2898d4ad930c5dd",
                "shasum": ""
            },
            "type": "script",
            "notification-url": "https://packagist.org/downloads/",
            "license": [
                "APACHE-2.0"
            ],
            "authors": [
                {
                    "name": "MiladM",
                    "email": "miladmohebnia@gmail.com"
                }
            ],
            "description": "a simple cli for miladm/prototype",
            "support": {
                "issues": "https://github.com/MiladMohebnia/prototype_cli/issues",
                "source": "https://github.com/MiladMohebnia/prototype_cli/tree/v1.0.0"
            },
            "time": "2020-10-18T15:33:21+00:00"
        }
    ],
    "packages-dev": [],
    "aliases": [],
    "minimum-stability": "stable",
    "stability-flags": {
        "miladm/data-object": 20
    },
    "prefer-stable": false,
    "prefer-lowest": false,
    "platform": [],
    "platform-dev": [],
    "plugin-api-version": "2.0.0"
}
